
Microsoft Visual Studio Solution File, Format Version 12.00
# Visual Studio Version 16
VisualStudioVersion = 16.0.30114.105
MinimumVisualStudioVersion = 10.0.40219.1
Project("{FAE04EC0-301F-11D3-BF4B-00C04F79EFBC}") = "UTFPR_Gamificacao_V1.RazorPages", "UTFPR_Gamificacao_V1.RazorPages\UTFPR_Gamificacao_V1.RazorPages.csproj", "{299007DF-E790-4FA9-B6D7-1BE6B9DDCD08}"
EndProject
Global
	GlobalSection(SolutionConfigurationPlatforms) = preSolution
		Debug|Any CPU = Debug|Any CPU
		Release|Any CPU = Release|Any CPU
	EndGlobalSection
	GlobalSection(SolutionProperties) = preSolution
		HideSolutionNode = FALSE
	EndGlobalSection
	GlobalSection(ProjectConfigurationPlatforms) = postSolution
		{299007DF-E790-4FA9-B6D7-1BE6B9DDCD08}.Debug|Any CPU.ActiveCfg = Debug|Any CPU
		{299007DF-E790-4FA9-B6D7-1BE6B9DDCD08}.Debug|Any CPU.Build.0 = Debug|Any CPU
		{299007DF-E790-4FA9-B6D7-1BE6B9DDCD08}.Release|Any CPU.ActiveCfg = Release|Any CPU
		{299007DF-E790-4FA9-B6D7-1BE6B9DDCD08}.Release|Any CPU.Build.0 = Release|Any CPU
	EndGlobalSection
EndGlobal
